// !$*UTF8*$!
{
	archiveVersion = 1;
	classes = {
	};
	objectVersion = 56;
	objects = {

/* Begin PBXBuildFile section */
		84A5389F29D376CC002F2131 /* AppDelegate.swift in Sources */ = {isa = PBXBuildFile; fileRef = 84A5389E29D376CC002F2131 /* AppDelegate.swift */; };
		84A538A129D376CC002F2131 /* SceneDelegate.swift in Sources */ = {isa = PBXBuildFile; fileRef = 84A538A029D376CC002F2131 /* SceneDelegate.swift */; };
		84A538A329D376CC002F2131 /* ListUsersView.swift in Sources */ = {isa = PBXBuildFile; fileRef = 84A538A229D376CC002F2131 /* ListUsersView.swift */; };
		84A538A929D376CC002F2131 /* taskCoreData.xcdatamodeld in Sources */ = {isa = PBXBuildFile; fileRef = 84A538A729D376CC002F2131 /* taskCoreData.xcdatamodeld */; };
		84A538AB29D376D0002F2131 /* Assets.xcassets in Resources */ = {isa = PBXBuildFile; fileRef = 84A538AA29D376D0002F2131 /* Assets.xcassets */; };
		84A538AE29D376D0002F2131 /* LaunchScreen.storyboard in Resources */ = {isa = PBXBuildFile; fileRef = 84A538AC29D376D0002F2131 /* LaunchScreen.storyboard */; };
		84A538BA29D5BB94002F2131 /* DetailView.swift in Sources */ = {isa = PBXBuildFile; fileRef = 84A538B929D5BB94002F2131 /* DetailView.swift */; };
		84A538C129E86360002F2131 /* Extensions UITextField.swift in Sources */ = {isa = PBXBuildFile; fileRef = 84A538C029E86360002F2131 /* Extensions UITextField.swift */; };
		84A538C429E89716002F2131 /* CoreDataManager.swift in Sources */ = {isa = PBXBuildFile; fileRef = 84A538C329E89716002F2131 /* CoreDataManager.swift */; };
		84A538C729EE6B0C002F2131 /* User+CoreDataClass.swift in Sources */ = {isa = PBXBuildFile; fileRef = 84A538C529EE6B0C002F2131 /* User+CoreDataClass.swift */; };
		84A538C829EE6B0C002F2131 /* User+CoreDataProperties.swift in Sources */ = {isa = PBXBuildFile; fileRef = 84A538C629EE6B0C002F2131 /* User+CoreDataProperties.swift */; };
/* End PBXBuildFile section */

/* Begin PBXFileReference section */
		84A5389B29D376CC002F2131 /* taskCoreData.app */ = {isa = PBXFileReference; explicitFileType = wrapper.application; includeInIndex = 0; path = taskCoreData.app; sourceTree = BUILT_PRODUCTS_DIR; };
		84A5389E29D376CC002F2131 /* AppDelegate.swift */ = {isa = PBXFileReference; lastKnownFileType = sourcecode.swift; path = AppDelegate.swift; sourceTree = "<group>"; };
		84A538A029D376CC002F2131 /* SceneDelegate.swift */ = {isa = PBXFileReference; lastKnownFileType = sourcecode.swift; path = SceneDelegate.swift; sourceTree = "<group>"; };
		84A538A229D376CC002F2131 /* ListUsersView.swift */ = {isa = PBXFileReference; lastKnownFileType = sourcecode.swift; path = ListUsersView.swift; sourceTree = "<group>"; };
		84A538A829D376CC002F2131 /* taskCoreData.xcdatamodel */ = {isa = PBXFileReference; lastKnownFileType = wrapper.xcdatamodel; path = taskCoreData.xcdatamodel; sourceTree = "<group>"; };
		84A538AA29D376D0002F2131 /* Assets.xcassets */ = {isa = PBXFileReference; lastKnownFileType = folder.assetcatalog; path = Assets.xcassets; sourceTree = "<group>"; };
		84A538AD29D376D0002F2131 /* Base */ = {isa = PBXFileReference; lastKnownFileType = file.storyboard; name = Base; path = Base.lproj/LaunchScreen.storyboard; sourceTree = "<group>"; };
		84A538AF29D376D0002F2131 /* Info.plist */ = {isa = PBXFileReference; lastKnownFileType = text.plist.xml; path = Info.plist; sourceTree = "<group>"; };
		84A538B929D5BB94002F2131 /* DetailView.swift */ = {isa = PBXFileReference; lastKnownFileType = sourcecode.swift; path = DetailView.swift; sourceTree = "<group>"; };
		84A538C029E86360002F2131 /* Extensions UITextField.swift */ = {isa = PBXFileReference; lastKnownFileType = sourcecode.swift; path = "Extensions UITextField.swift"; sourceTree = "<group>"; };
		84A538C329E89716002F2131 /* CoreDataManager.swift */ = {isa = PBXFileReference; lastKnownFileType = sourcecode.swift; path = CoreDataManager.swift; sourceTree = "<group>"; };
		84A538C529EE6B0C002F2131 /* User+CoreDataClass.swift */ = {isa = PBXFileReference; lastKnownFileType = sourcecode.swift; path = "User+CoreDataClass.swift"; sourceTree = "<group>"; };
		84A538C629EE6B0C002F2131 /* User+CoreDataProperties.swift */ = {isa = PBXFileReference; lastKnownFileType = sourcecode.swift; path = "User+CoreDataProperties.swift"; sourceTree = "<group>"; };
/* End PBXFileReference section */

/* Begin PBXFrameworksBuildPhase section */
		84A5389829D376CC002F2131 /* Frameworks */ = {
			isa = PBXFrameworksBuildPhase;
			buildActionMask = 2147483647;
			files = (
			);
			runOnlyForDeploymentPostprocessing = 0;
		};
/* End PBXFrameworksBuildPhase section */

/* Begin PBXGroup section */
		84A5389229D376CC002F2131 = {
			isa = PBXGroup;
			children = (
				84A5389D29D376CC002F2131 /* taskCoreData */,
				84A5389C29D376CC002F2131 /* Products */,
			);
			sourceTree = "<group>";
		};
		84A5389C29D376CC002F2131 /* Products */ = {
			isa = PBXGroup;
			children = (
				84A5389B29D376CC002F2131 /* taskCoreData.app */,
			);
			name = Products;
			sourceTree = "<group>";
		};
		84A5389D29D376CC002F2131 /* taskCoreData */ = {
			isa = PBXGroup;
			children = (
				84A538B729D581FF002F2131 /* Sourse */,
				84A538B829D5820E002F2131 /* Resourse */,
			);
			path = taskCoreData;
			sourceTree = "<group>";
		};
		84A538B529D581D2002F2131 /* App */ = {
			isa = PBXGroup;
			children = (
				84A5389E29D376CC002F2131 /* AppDelegate.swift */,
				84A538A029D376CC002F2131 /* SceneDelegate.swift */,
			);
			path = App;
			sourceTree = "<group>";
		};
		84A538B629D581EF002F2131 /* View */ = {
			isa = PBXGroup;
			children = (
				84A538BB29D70797002F2131 /* MainView */,
				84A538BC29D707A5002F2131 /* DetailView */,
			);
			path = View;
			sourceTree = "<group>";
		};
		84A538B729D581FF002F2131 /* Sourse */ = {
			isa = PBXGroup;
			children = (
				84A538C229E896A7002F2131 /* Entity */,
				84A538C929EE6B50002F2131 /* CoreDataManager */,
				84A538BF29E8632A002F2131 /* Extension */,
				84A538B629D581EF002F2131 /* View */,
				84A538B529D581D2002F2131 /* App */,
			);
			path = Sourse;
			sourceTree = "<group>";
		};
		84A538B829D5820E002F2131 /* Resourse */ = {
			isa = PBXGroup;
			children = (
				84A538AA29D376D0002F2131 /* Assets.xcassets */,
				84A538AC29D376D0002F2131 /* LaunchScreen.storyboard */,
				84A538AF29D376D0002F2131 /* Info.plist */,
				84A538A729D376CC002F2131 /* taskCoreData.xcdatamodeld */,
			);
			path = Resourse;
			sourceTree = "<group>";
		};
		84A538BB29D70797002F2131 /* MainView */ = {
			isa = PBXGroup;
			children = (
				84A538A229D376CC002F2131 /* ListUsersView.swift */,
			);
			path = MainView;
			sourceTree = "<group>";
		};
		84A538BC29D707A5002F2131 /* DetailView */ = {
			isa = PBXGroup;
			children = (
				84A538B929D5BB94002F2131 /* DetailView.swift */,
			);
			path = DetailView;
			sourceTree = "<group>";
		};
		84A538BF29E8632A002F2131 /* Extension */ = {
			isa = PBXGroup;
			children = (
				84A538C029E86360002F2131 /* Extensions UITextField.swift */,
			);
			path = Extension;
			sourceTree = "<group>";
		};
		84A538C229E896A7002F2131 /* Entity */ = {
			isa = PBXGroup;
			children = (
				84A538C529EE6B0C002F2131 /* User+CoreDataClass.swift */,
				84A538C629EE6B0C002F2131 /* User+CoreDataProperties.swift */,
			);
			path = Entity;
			sourceTree = "<group>";
		};
		84A538C929EE6B50002F2131 /* CoreDataManager */ = {
			isa = PBXGroup;
			children = (
				84A538C329E89716002F2131 /* CoreDataManager.swift */,
			);
			path = CoreDataManager;
			sourceTree = "<group>";
		};
/* End PBXGroup section */

/* Begin PBXNativeTarget section */
		84A5389A29D376CC002F2131 /* taskCoreData */ = {
			isa = PBXNativeTarget;
			buildConfigurationList = 84A538B229D376D0002F2131 /* Build configuration list for PBXNativeTarget "taskCoreData" */;
			buildPhases = (
				84A5389729D376CC002F2131 /* Sources */,
				84A5389829D376CC002F2131 /* Frameworks */,
				84A5389929D376CC002F2131 /* Resources */,
			);
			buildRules = (
			);
			dependencies = (
			);
			name = taskCoreData;
			productName = taskCoreData;
			productReference = 84A5389B29D376CC002F2131 /* taskCoreData.app */;
			productType = "com.apple.product-type.application";
		};
/* End PBXNativeTarget section */

/* Begin PBXProject section */
		84A5389329D376CC002F2131 /* Project object */ = {
			isa = PBXProject;
			attributes = {
				BuildIndependentTargetsInParallel = 1;
				LastSwiftUpdateCheck = 1420;
				LastUpgradeCheck = 1420;
				TargetAttributes = {
					84A5389A29D376CC002F2131 = {
						CreatedOnToolsVersion = 14.2;
					};
				};
			};
			buildConfigurationList = 84A5389629D376CC002F2131 /* Build configuration list for PBXProject "taskCoreData" */;
			compatibilityVersion = "Xcode 14.0";
			developmentRegion = en;
			hasScannedForEncodings = 0;
			knownRegions = (
				en,
				Base,
			);
			mainGroup = 84A5389229D376CC002F2131;
			productRefGroup = 84A5389C29D376CC002F2131 /* Products */;
			projectDirPath = "";
			projectRoot = "";
			targets = (
				84A5389A29D376CC002F2131 /* taskCoreData */,
			);
		};
/* End PBXProject section */

/* Begin PBXResourcesBuildPhase section */
		84A5389929D376CC002F2131 /* Resources */ = {
			isa = PBXResourcesBuildPhase;
			buildActionMask = 2147483647;
			files = (
				84A538AE29D376D0002F2131 /* LaunchScreen.storyboard in Resources */,
				84A538AB29D376D0002F2131 /* Assets.xcassets in Resources */,
			);
			runOnlyForDeploymentPostprocessing = 0;
		};
/* End PBXResourcesBuildPhase section */

/* Begin PBXSourcesBuildPhase section */
		84A5389729D376CC002F2131 /* Sources */ = {
			isa = PBXSourcesBuildPhase;
			buildActionMask = 2147483647;
			files = (
				84A538C129E86360002F2131 /* Extensions UITextField.swift in Sources */,
				84A538A329D376CC002F2131 /* ListUsersView.swift in Sources */,
				84A538C429E89716002F2131 /* CoreDataManager.swift in Sources */,
				84A5389F29D376CC002F2131 /* AppDelegate.swift in Sources */,
				84A538A129D376CC002F2131 /* SceneDelegate.swift in Sources */,
				84A538BA29D5BB94002F2131 /* DetailView.swift in Sources */,
				84A538C729EE6B0C002F2131 /* User+CoreDataClass.swift in Sources */,
				84A538A929D376CC002F2131 /* taskCoreData.xcdatamodeld in Sources */,
				84A538C829EE6B0C002F2131 /* User+CoreDataProperties.swift in Sources */,
			);
			runOnlyForDeploymentPostprocessing = 0;
		};
/* End PBXSourcesBuildPhase section */

/* Begin PBXVariantGroup section */
		84A538AC29D376D0002F2131 /* LaunchScreen.storyboard */ = {
			isa = PBXVariantGroup;
			children = (
				84A538AD29D376D0002F2131 /* Base */,
			);
			name = LaunchScreen.storyboard;
			sourceTree = "<group>";
		};
/* End PBXVariantGroup section */

/* Begin XCBuildConfiguration section */
		84A538B029D376D0002F2131 /* Debug */ = {
			isa = XCBuildConfiguration;
			buildSettings = {
				ALWAYS_SEARCH_USER_PATHS = NO;
				CLANG_ANALYZER_NONNULL = YES;
				CLANG_ANALYZER_NUMBER_OBJECT_CONVERSION = YES_AGGRESSIVE;
				CLANG_CXX_LANGUAGE_STANDARD = "gnu++20";
				CLANG_ENABLE_MODULES = YES;
				CLANG_ENABLE_OBJC_ARC = YES;
				CLANG_ENABLE_OBJC_WEAK = YES;
				CLANG_WARN_BLOCK_CAPTURE_AUTORELEASING = YES;
				CLANG_WARN_BOOL_CONVERSION = YES;
				CLANG_WARN_COMMA = YES;
				CLANG_WARN_CONSTANT_CONVERSION = YES;
				CLANG_WARN_DEPRECATED_OBJC_IMPLEMENTATIONS = YES;
				CLANG_WARN_DIRECT_OBJC_ISA_USAGE = YES_ERROR;
				CLANG_WARN_DOCUMENTATION_COMMENTS = YES;
				CLANG_WARN_EMPTY_BODY = YES;
				CLANG_WARN_ENUM_CONVERSION = YES;
				CLANG_WARN_INFINITE_RECURSION = YES;
				CLANG_WARN_INT_CONVERSION = YES;
				CLANG_WARN_NON_LITERAL_NULL_CONVERSION = YES;
				CLANG_WARN_OBJC_IMPLICIT_RETAIN_SELF = YES;
				CLANG_WARN_OBJC_LITERAL_CONVERSION = YES;
				CLANG_WARN_OBJC_ROOT_CLASS = YES_ERROR;
				CLANG_WARN_QUOTED_INCLUDE_IN_FRAMEWORK_HEADER = YES;
				CLANG_WARN_RANGE_LOOP_ANALYSIS = YES;
				CLANG_WARN_STRICT_PROTOTYPES = YES;
				CLANG_WARN_SUSPICIOUS_MOVE = YES;
				CLANG_WARN_UNGUARDED_AVAILABILITY = YES_AGGRESSIVE;
				CLANG_WARN_UNREACHABLE_CODE = YES;
				CLANG_WARN__DUPLICATE_METHOD_MATCH = YES;
				COPY_PHASE_STRIP = NO;
				DEBUG_INFORMATION_FORMAT = dwarf;
				ENABLE_STRICT_OBJC_MSGSEND = YES;
				ENABLE_TESTABILITY = YES;
				GCC_C_LANGUAGE_STANDARD = gnu11;
				GCC_DYNAMIC_NO_PIC = NO;
				GCC_NO_COMMON_BLOCKS = YES;
				GCC_OPTIMIZATION_LEVEL = 0;
				GCC_PREPROCESSOR_DEFINITIONS = (
					"DEBUG=1",
					"$(inherited)",
				);
				GCC_WARN_64_TO_32_BIT_CONVERSION = YES;
				GCC_WARN_ABOUT_RETURN_TYPE = YES_ERROR;
				GCC_WARN_UNDECLARED_SELECTOR = YES;
				GCC_WARN_UNINITIALIZED_AUTOS = YES_AGGRESSIVE;
				GCC_WARN_UNUSED_FUNCTION = YES;
				GCC_WARN_UNUSED_VARIABLE = YES;
				IPHONEOS_DEPLOYMENT_TARGET = 16.2;
				MTL_ENABLE_DEBUG_INFO = INCLUDE_SOURCE;
				MTL_FAST_MATH = YES;
				ONLY_ACTIVE_ARCH = YES;
				SDKROOT = iphoneos;
				SWIFT_ACTIVE_COMPILATION_CONDITIONS = DEBUG;
				SWIFT_OPTIMIZATION_LEVEL = "-Onone";
			};
			name = Debug;
		};
		84A538B129D376D0002F2131 /* Release */ = {
			isa = XCBuildConfiguration;
			buildSettings = {
				ALWAYS_SEARCH_USER_PATHS = NO;
				CLANG_ANALYZER_NONNULL = YES;
				CLANG_ANALYZER_NUMBER_OBJECT_CONVERSION = YES_AGGRESSIVE;
				CLANG_CXX_LANGUAGE_STANDARD = "gnu++20";
				CLANG_ENABLE_MODULES = YES;
				CLANG_ENABLE_OBJC_ARC = YES;
				CLANG_ENABLE_OBJC_WEAK = YES;
				CLANG_WARN_BLOCK_CAPTURE_AUTORELEASING = YES;
				CLANG_WARN_BOOL_CONVERSION = YES;
				CLANG_WARN_COMMA = YES;
				CLANG_WARN_CONSTANT_CONVERSION = YES;
				CLANG_WARN_DEPRECATED_OBJC_IMPLEMENTATIONS = YES;
				CLANG_WARN_DIRECT_OBJC_ISA_USAGE = YES_ERROR;
				CLANG_WARN_DOCUMENTATION_COMMENTS = YES;
				CLANG_WARN_EMPTY_BODY = YES;
				CLANG_WARN_ENUM_CONVERSION = YES;
				CLANG_WARN_INFINITE_RECURSION = YES;
				CLANG_WARN_INT_CONVERSION = YES;
				CLANG_WARN_NON_LITERAL_NULL_CONVERSION = YES;
				CLANG_WARN_OBJC_IMPLICIT_RETAIN_SELF = YES;
				CLANG_WARN_OBJC_LITERAL_CONVERSION = YES;
				CLANG_WARN_OBJC_ROOT_CLASS = YES_ERROR;
				CLANG_WARN_QUOTED_INCLUDE_IN_FRAMEWORK_HEADER = YES;
				CLANG_WARN_RANGE_LOOP_ANALYSIS = YES;
				CLANG_WARN_STRICT_PROTOTYPES = YES;
				CLANG_WARN_SUSPICIOUS_MOVE = YES;
				CLANG_WARN_UNGUARDED_AVAILABILITY = YES_AGGRESSIVE;
				CLANG_WARN_UNREACHABLE_CODE = YES;
				CLANG_WARN__DUPLICATE_METHOD_MATCH = YES;
				COPY_PHASE_STRIP = NO;
				DEBUG_INFORMATION_FORMAT = "dwarf-with-dsym";
				ENABLE_NS_ASSERTIONS = NO;
				ENABLE_STRICT_OBJC_MSGSEND = YES;
				GCC_C_LANGUAGE_STANDARD = gnu11;
				GCC_NO_COMMON_BLOCKS = YES;
				GCC_WARN_64_TO_32_BIT_CONVERSION = YES;
				GCC_WARN_ABOUT_RETURN_TYPE = YES_ERROR;
				GCC_WARN_UNDECLARED_SELECTOR = YES;
				GCC_WARN_UNINITIALIZED_AUTOS = YES_AGGRESSIVE;
				GCC_WARN_UNUSED_FUNCTION = YES;
				GCC_WARN_UNUSED_VARIABLE = YES;
				IPHONEOS_DEPLOYMENT_TARGET = 16.2;
				MTL_ENABLE_DEBUG_INFO = NO;
				MTL_FAST_MATH = YES;
				SDKROOT = iphoneos;
				SWIFT_COMPILATION_MODE = wholemodule;
				SWIFT_OPTIMIZATION_LEVEL = "-O";
				VALIDATE_PRODUCT = YES;
			};
			name = Release;
		};
		84A538B329D376D0002F2131 /* Debug */ = {
			isa = XCBuildConfiguration;
			buildSettings = {
				ASSETCATALOG_COMPILER_APPICON_NAME = AppIcon;
				ASSETCATALOG_COMPILER_GLOBAL_ACCENT_COLOR_NAME = AccentColor;
				CODE_SIGN_STYLE = Automatic;
				CURRENT_PROJECT_VERSION = 1;
				DEVELOPMENT_TEAM = ANJYS43MSX;
				GENERATE_INFOPLIST_FILE = YES;
				INFOPLIST_FILE = taskCoreData/Resourse/Info.plist;
				INFOPLIST_KEY_UIApplicationSupportsIndirectInputEvents = YES;
				INFOPLIST_KEY_UILaunchStoryboardName = LaunchScreen;
				INFOPLIST_KEY_UISupportedInterfaceOrientations_iPad = "UIInterfaceOrientationPortrait UIInterfaceOrientationPortraitUpsideDown UIInterfaceOrientationLandscapeLeft UIInterfaceOrientationLandscapeRight";
				INFOPLIST_KEY_UISupportedInterfaceOrientations_iPhone = "UIInterfaceOrientationPortrait UIInterfaceOrientationLandscapeLeft UIInterfaceOrientationLandscapeRight";
				LD_RUNPATH_SEARCH_PATHS = (
					"$(inherited)",
					"@executable_path/Frameworks",
				);
				MARKETING_VERSION = 1.0;
				PRODUCT_BUNDLE_IDENTIFIER = com.my.taskCoreData;
				PRODUCT_NAME = "$(TARGET_NAME)";
				SWIFT_EMIT_LOC_STRINGS = YES;
				SWIFT_VERSION = 5.0;
				TARGETED_DEVICE_FAMILY = "1,2";
			};
			name = Debug;
		};
		84A538B429D376D0002F2131 /* Release */ = {
			isa = XCBuildConfiguration;
			buildSettings = {
				ASSETCATALOG_COMPILER_APPICON_NAME = AppIcon;
				ASSETCATALOG_COMPILER_GLOBAL_ACCENT_COLOR_NAME = AccentColor;
				CODE_SIGN_STYLE = Automatic;
				CURRENT_PROJECT_VERSION = 1;
				DEVELOPMENT_TEAM = ANJYS43MSX;
				GENERATE_INFOPLIST_FILE = YES;
				INFOPLIST_FILE = taskCoreData/Resourse/Info.plist;
				INFOPLIST_KEY_UIApplicationSupportsIndirectInputEvents = YES;
				INFOPLIST_KEY_UILaunchStoryboardName = LaunchScreen;
				INFOPLIST_KEY_UISupportedInterfaceOrientations_iPad = "UIInterfaceOrientationPortrait UIInterfaceOrientationPortraitUpsideDown UIInterfaceOrientationLandscapeLeft UIInterfaceOrientationLandscapeRight";
				INFOPLIST_KEY_UISupportedInterfaceOrientations_iPhone = "UIInterfaceOrientationPortrait UIInterfaceOrientationLandscapeLeft UIInterfaceOrientationLandscapeRight";
				LD_RUNPATH_SEARCH_PATHS = (
					"$(inherited)",
					"@executable_path/Frameworks",
				);
				MARKETING_VERSION = 1.0;
				PRODUCT_BUNDLE_IDENTIFIER = com.my.taskCoreData;
				PRODUCT_NAME = "$(TARGET_NAME)";
				SWIFT_EMIT_LOC_STRINGS = YES;
				SWIFT_VERSION = 5.0;
				TARGETED_DEVICE_FAMILY = "1,2";
			};
			name = Release;
		};
/* End XCBuildConfiguration section */

/* Begin XCConfigurationList section */
		84A5389629D376CC002F2131 /* Build configuration list for PBXProject "taskCoreData" */ = {
			isa = XCConfigurationList;
			buildConfigurations = (
				84A538B029D376D0002F2131 /* Debug */,
				84A538B129D376D0002F2131 /* Release */,
			);
			defaultConfigurationIsVisible = 0;
			defaultConfigurationName = Release;
		};
		84A538B229D376D0002F2131 /* Build configuration list for PBXNativeTarget "taskCoreData" */ = {
			isa = XCConfigurationList;
			buildConfigurations = (
				84A538B329D376D0002F2131 /* Debug */,
				84A538B429D376D0002F2131 /* Release */,
			);
			defaultConfigurationIsVisible = 0;
			defaultConfigurationName = Release;
		};
/* End XCConfigurationList section */

/* Begin XCVersionGroup section */
		84A538A729D376CC002F2131 /* taskCoreData.xcdatamodeld */ = {
			isa = XCVersionGroup;
			children = (
				84A538A829D376CC002F2131 /* taskCoreData.xcdatamodel */,
			);
			currentVersion = 84A538A829D376CC002F2131 /* taskCoreData.xcdatamodel */;
			path = taskCoreData.xcdatamodeld;
			sourceTree = "<group>";
			versionGroupType = wrapper.xcdatamodel;
		};
/* End XCVersionGroup section */
	};
	rootObject = 84A5389329D376CC002F2131 /* Project object */;
}
